
Microsoft Visual Studio Solution File, Format Version 12.00
# Visual Studio Version 17
VisualStudioVersion = 17.7.34009.444
MinimumVisualStudioVersion = 10.0.40219.1
Project("{FAE04EC0-301F-11D3-BF4B-00C04F79EFBC}") = "onipress", "onipress.csproj", "{2F072D5B-28D5-4B98-9663-1DA908C1E830}"
EndProject
Global
	GlobalSection(SolutionConfigurationPlatforms) = preSolution
		Debug|Any CPU = Debug|Any CPU
		Release|Any CPU = Release|Any CPU
	EndGlobalSection
	GlobalSection(ProjectConfigurationPlatforms) = postSolution
		{2F072D5B-28D5-4B98-9663-1DA908C1E830}.Debug|Any CPU.ActiveCfg = Debug|Any CPU
		{2F072D5B-28D5-4B98-9663-1DA908C1E830}.Debug|Any CPU.Build.0 = Debug|Any CPU
		{2F072D5B-28D5-4B98-9663-1DA908C1E830}.Release|Any CPU.ActiveCfg = Release|Any CPU
		{2F072D5B-28D5-4B98-9663-1DA908C1E830}.Release|Any CPU.Build.0 = Release|Any CPU
	EndGlobalSection
	GlobalSection(SolutionProperties) = preSolution
		HideSolutionNode = FALSE
	EndGlobalSection
	GlobalSection(ExtensibilityGlobals) = postSolution
		EnterpriseLibraryConfigurationToolBinariesPath = packages\EnterpriseLibrary.Data.5.0.505.0\lib\NET35
		SolutionGuid = {BD5F31D8-F8BD-4734-A0DD-6126FD1C4102}
		EnterpriseLibraryConfigurationToolBinariesPathV6 = packages\EnterpriseLibrary.Common.6.0.1304.0\lib\NET45;packages\EnterpriseLibrary.Data.6.0.1304.0\lib\NET45
	EndGlobalSection
EndGlobal
